
Microsoft Visual Studio Solution File, Format Version 12.00
# Visual Studio 15
VisualStudioVersion = 15.0.28307.421
MinimumVisualStudioVersion = 10.0.40219.1
Project("{8BC9CEB8-8B4A-11D0-8D11-00A0C91BC942}") = "排序", "排序\排序.vcxproj", "{F17A0D71-70CD-434E-8057-7109F514CE7B}"
EndProject
Global
	GlobalSection(SolutionConfigurationPlatforms) = preSolution
		Debug|x64 = Debug|x64
		Debug|x86 = Debug|x86
		Release|x64 = Release|x64
		Release|x86 = Release|x86
	EndGlobalSection
	GlobalSection(ProjectConfigurationPlatforms) = postSolution
		{F17A0D71-70CD-434E-8057-7109F514CE7B}.Debug|x64.ActiveCfg = Debug|x64
		{F17A0D71-70CD-434E-8057-7109F514CE7B}.Debug|x64.Build.0 = Debug|x64
		{F17A0D71-70CD-434E-8057-7109F514CE7B}.Debug|x86.ActiveCfg = Debug|Win32
		{F17A0D71-70CD-434E-8057-7109F514CE7B}.Debug|x86.Build.0 = Debug|Win32
		{F17A0D71-70CD-434E-8057-7109F514CE7B}.Release|x64.ActiveCfg = Release|x64
		{F17A0D71-70CD-434E-8057-7109F514CE7B}.Release|x64.Build.0 = Release|x64
		{F17A0D71-70CD-434E-8057-7109F514CE7B}.Release|x86.ActiveCfg = Release|Win32
		{F17A0D71-70CD-434E-8057-7109F514CE7B}.Release|x86.Build.0 = Release|Win32
	EndGlobalSection
	GlobalSection(SolutionProperties) = preSolution
		HideSolutionNode = FALSE
	EndGlobalSection
	GlobalSection(ExtensibilityGlobals) = postSolution
		SolutionGuid = {D7718140-057C-412F-AD46-DFE9BE897576}
	EndGlobalSection
EndGlobal
